
Microsoft Visual Studio Solution File, Format Version 12.00
# Visual Studio Version 17
VisualStudioVersion = 17.14.36811.4
MinimumVisualStudioVersion = 10.0.40219.1
Project("{FAE04EC0-301F-11D3-BF4B-00C04F79EFBC}") = "NomadaApp", "NomadaApp\NomadaApp.csproj", "{556F1384-0EC3-436C-93AF-B07D5DE6C378}"
EndProject
Project("{FAE04EC0-301F-11D3-BF4B-00C04F79EFBC}") = "Nomada.API", "Nomada.API\Nomada.API.csproj", "{610BDEC5-44CB-4A81-984B-496716B1BC2B}"
EndProject
Project("{FAE04EC0-301F-11D3-BF4B-00C04F79EFBC}") = "Nomada.Shared", "Nomada.Shared\Nomada.Shared.csproj", "{47A9A70B-C7FD-4BA4-B2D7-32E7A9E95BF1}"
EndProject
Global
	GlobalSection(SolutionConfigurationPlatforms) = preSolution
		Debug|Any CPU = Debug|Any CPU
		Release|Any CPU = Release|Any CPU
	EndGlobalSection
	GlobalSection(ProjectConfigurationPlatforms) = postSolution
		{556F1384-0EC3-436C-93AF-B07D5DE6C378}.Debug|Any CPU.ActiveCfg = Debug|Any CPU
		{556F1384-0EC3-436C-93AF-B07D5DE6C378}.Debug|Any CPU.Build.0 = Debug|Any CPU
		{556F1384-0EC3-436C-93AF-B07D5DE6C378}.Debug|Any CPU.Deploy.0 = Debug|Any CPU
		{556F1384-0EC3-436C-93AF-B07D5DE6C378}.Release|Any CPU.ActiveCfg = Release|Any CPU
		{556F1384-0EC3-436C-93AF-B07D5DE6C378}.Release|Any CPU.Build.0 = Release|Any CPU
		{610BDEC5-44CB-4A81-984B-496716B1BC2B}.Debug|Any CPU.ActiveCfg = Debug|Any CPU
		{610BDEC5-44CB-4A81-984B-496716B1BC2B}.Debug|Any CPU.Build.0 = Debug|Any CPU
		{610BDEC5-44CB-4A81-984B-496716B1BC2B}.Release|Any CPU.ActiveCfg = Release|Any CPU
		{610BDEC5-44CB-4A81-984B-496716B1BC2B}.Release|Any CPU.Build.0 = Release|Any CPU
		{47A9A70B-C7FD-4BA4-B2D7-32E7A9E95BF1}.Debug|Any CPU.ActiveCfg = Debug|Any CPU
		{47A9A70B-C7FD-4BA4-B2D7-32E7A9E95BF1}.Debug|Any CPU.Build.0 = Debug|Any CPU
		{47A9A70B-C7FD-4BA4-B2D7-32E7A9E95BF1}.Release|Any CPU.ActiveCfg = Release|Any CPU
		{47A9A70B-C7FD-4BA4-B2D7-32E7A9E95BF1}.Release|Any CPU.Build.0 = Release|Any CPU
	EndGlobalSection
	GlobalSection(SolutionProperties) = preSolution
		HideSolutionNode = FALSE
	EndGlobalSection
	GlobalSection(ExtensibilityGlobals) = postSolution
		SolutionGuid = {084758A9-604A-4863-B564-30DA00A174A0}
	EndGlobalSection
EndGlobal
